lockfileVersion: '6.0'

settings:
  autoInstallPeers: true
  excludeLinksFromLockfile: false

dependencies:
  bs58:
    specifier: ^5.0.0
    version: 5.0.0

devDependencies:
  typescript:
    specifier: ^5.2.2
    version: 5.2.2
  viem:
    specifier: ^1.9.3
    version: 1.9.3(typescript@5.2.2)

packages:

  /@adraffy/ens-normalize@1.9.0:
    resolution: {integrity: sha512-iowxq3U30sghZotgl4s/oJRci6WPBfNO5YYgk2cIOMCHr3LeGPcsZjCEr+33Q4N+oV3OABDAtA+pyvWjbvBifQ==}
    dev: true

  /@noble/curves@1.0.0:
    resolution: {integrity: sha512-2upgEu0iLiDVDZkNLeFV2+ht0BAVgQnEmCk6JsOch9Rp8xfkMCbvbAZlA2pBHQc73dbl+vFOXfqkf4uemdn0bw==}
    dependencies:
      '@noble/hashes': 1.3.0
    dev: true

  /@noble/curves@1.1.0:
    resolution: {integrity: sha512-091oBExgENk/kGj3AZmtBDMpxQPDtxQABR2B9lb1JbVTs6ytdzZNwvhxQ4MWasRNEzlbEH8jCWFCwhF/Obj5AA==}
    dependencies:
      '@noble/hashes': 1.3.1
    dev: true

  /@noble/hashes@1.3.0:
    resolution: {integrity: sha512-ilHEACi9DwqJB0pw7kv+Apvh50jiiSyR/cQ3y4W7lOR5mhvn/50FLUfsnfJz0BDZtl/RR16kXvptiv6q1msYZg==}
    dev: true

  /@noble/hashes@1.3.1:
    resolution: {integrity: sha512-EbqwksQwz9xDRGfDST86whPBgM65E0OH/pCgqW0GBVzO22bNE+NuIbeTb714+IfSjU3aRk47EUvXIb5bTsenKA==}
    engines: {node: '>= 16'}
    dev: true

  /@scure/base@1.1.3:
    resolution: {integrity: sha512-/+SgoRjLq7Xlf0CWuLHq2LUZeL/w65kfzAPG5NH9pcmBhs+nunQTn4gvdwgMTIXnt9b2C/1SeL2XiysZEyIC9Q==}
    dev: true

  /@scure/bip32@1.3.0:
    resolution: {integrity: sha512-bcKpo1oj54hGholplGLpqPHRbIsnbixFtc06nwuNM5/dwSXOq/AAYoIBRsBmnZJSdfeNW5rnff7NTAz3ZCqR9Q==}
    dependencies:
      '@noble/curves': 1.0.0
      '@noble/hashes': 1.3.0
      '@scure/base': 1.1.3
    dev: true

  /@scure/bip39@1.2.0:
    resolution: {integrity: sha512-SX/uKq52cuxm4YFXWFaVByaSHJh2w3BnokVSeUJVCv6K7WulT9u2BuNRBhuFl8vAuYnzx9bEu9WgpcNYTrYieg==}
    dependencies:
      '@noble/hashes': 1.3.0
      '@scure/base': 1.1.3
    dev: true

  /@types/node@20.5.7:
    resolution: {integrity: sha512-dP7f3LdZIysZnmvP3ANJYTSwg+wLLl8p7RqniVlV7j+oXSXAbt9h0WIBFmJy5inWZoX9wZN6eXx+YXd9Rh3RBA==}
    dev: true

  /@types/ws@8.5.5:
    resolution: {integrity: sha512-lwhs8hktwxSjf9UaZ9tG5M03PGogvFaH8gUgLNbN9HKIg0dvv6q+gkSuJ8HN4/VbyxkuLzCjlN7GquQ0gUJfIg==}
    dependencies:
      '@types/node': 20.5.7
    dev: true

  /abitype@0.9.3(typescript@5.2.2):
    resolution: {integrity: sha512-dz4qCQLurx97FQhnb/EIYTk/ldQ+oafEDUqC0VVIeQS1Q48/YWt/9YNfMmp9SLFqN41ktxny3c8aYxHjmFIB/w==}
    peerDependencies:
      typescript: '>=5.0.4'
      zod: ^3 >=3.19.1
    peerDependenciesMeta:
      typescript:
        optional: true
      zod:
        optional: true
    dependencies:
      typescript: 5.2.2
    dev: true

  /base-x@4.0.0:
    resolution: {integrity: sha512-FuwxlW4H5kh37X/oW59pwTzzTKRzfrrQwhmyspRM7swOEZcHtDZSCt45U6oKgtuFE+WYPblePMVIPR4RZrh/hw==}
    dev: false

  /bs58@5.0.0:
    resolution: {integrity: sha512-r+ihvQJvahgYT50JD05dyJNKlmmSlMoOGwn1lCcEzanPglg7TxYjioQUYehQ9mAR/+hOSd2jRc/Z2y5UxBymvQ==}
    dependencies:
      base-x: 4.0.0
    dev: false

  /isomorphic-ws@5.0.0(ws@8.12.0):
    resolution: {integrity: sha512-muId7Zzn9ywDsyXgTIafTry2sV3nySZeUDe6YedVd1Hvuuep5AsIlqK+XefWpYTyJG5e503F2xIuT2lcU6rCSw==}
    peerDependencies:
      ws: '*'
    dependencies:
      ws: 8.12.0
    dev: true

  /typescript@5.2.2:
    resolution: {integrity: sha512-mI4WrpHsbCIcwT9cF4FZvr80QUeKvsUsUvKDoR+X/7XHQH98xYD8YHZg7ANtz2GtZt/CBq2QJ0thkGJMHfqc1w==}
    engines: {node: '>=14.17'}
    hasBin: true
    dev: true

  /viem@1.9.3(typescript@5.2.2):
    resolution: {integrity: sha512-5NcxPHkWCZIBYm8A8oOd77l2RQ/+VRm1p56mBxoRcZ+Mij5pA+5Y3cohz7MHt6gYmmoDWlLXUXxsdPLedeF2wg==}
    peerDependencies:
      typescript: '>=5.0.4'
    peerDependenciesMeta:
      typescript:
        optional: true
    dependencies:
      '@adraffy/ens-normalize': 1.9.0
      '@noble/curves': 1.1.0
      '@noble/hashes': 1.3.0
      '@scure/bip32': 1.3.0
      '@scure/bip39': 1.2.0
      '@types/ws': 8.5.5
      abitype: 0.9.3(typescript@5.2.2)
      isomorphic-ws: 5.0.0(ws@8.12.0)
      typescript: 5.2.2
      ws: 8.12.0
    transitivePeerDependencies:
      - bufferutil
      - utf-8-validate
      - zod
    dev: true

  /ws@8.12.0:
    resolution: {integrity: sha512-kU62emKIdKVeEIOIKVegvqpXMSTAMLJozpHZaJNDYqBjzlSYXQGviYwN1osDLJ9av68qHd4a2oSjd7yD4pacig==}
    engines: {node: '>=10.0.0'}
    peerDependencies:
      bufferutil: ^4.0.1
      utf-8-validate: '>=5.0.2'
    peerDependenciesMeta:
      bufferutil:
        optional: true
      utf-8-validate:
        optional: true
    dev: true
